// !$*UTF8*$!
{
	archiveVersion = 1;
	classes = {
	};
	objectVersion = 50;
	objects = {

/* Begin PBXBuildFile section */
		3E201AD28A2A11B865D00E49 /* Pods_iQuiz.framework in Frameworks */ = {isa = PBXBuildFile; fileRef = E5280E6A96C698D194350F90 /* Pods_iQuiz.framework */; };
		B5E62F182210AD1E00A91193 /* AppDelegate.swift in Sources */ = {isa = PBXBuildFile; fileRef = B5E62F172210AD1E00A91193 /* AppDelegate.swift */; };
		B5E62F1A2210AD1E00A91193 /* ViewController.swift in Sources */ = {isa = PBXBuildFile; fileRef = B5E62F192210AD1E00A91193 /* ViewController.swift */; };
		B5E62F1D2210AD1E00A91193 /* Main.storyboard in Resources */ = {isa = PBXBuildFile; fileRef = B5E62F1B2210AD1E00A91193 /* Main.storyboard */; };
		B5E62F1F2210AD1F00A91193 /* Assets.xcassets in Resources */ = {isa = PBXBuildFile; fileRef = B5E62F1E2210AD1F00A91193 /* Assets.xcassets */; };
		B5E62F222210AD1F00A91193 /* LaunchScreen.storyboard in Resources */ = {isa = PBXBuildFile; fileRef = B5E62F202210AD1F00A91193 /* LaunchScreen.storyboard */; };
		B5E7F0F22220799E00FE4D7B /* FinishedViewController.swift in Sources */ = {isa = PBXBuildFile; fileRef = B5E7F0F12220799E00FE4D7B /* FinishedViewController.swift */; };
		B5ED3582221F40800064432C /* QuestionViewController.swift in Sources */ = {isa = PBXBuildFile; fileRef = B5ED3581221F40800064432C /* QuestionViewController.swift */; };
		B5ED3584221F8BE30064432C /* AnswerViewController.swift in Sources */ = {isa = PBXBuildFile; fileRef = B5ED3583221F8BE30064432C /* AnswerViewController.swift */; };
/* End PBXBuildFile section */

/* Begin PBXFileReference section */
		3F388C9D6D9B8536339CB13C /* Pods-iQuiz.debug.xcconfig */ = {isa = PBXFileReference; includeInIndex = 1; lastKnownFileType = text.xcconfig; name = "Pods-iQuiz.debug.xcconfig"; path = "Target Support Files/Pods-iQuiz/Pods-iQuiz.debug.xcconfig"; sourceTree = "<group>"; };
		AA9FDEBB57829D2F12BD5C65 /* Pods-iQuiz.release.xcconfig */ = {isa = PBXFileReference; includeInIndex = 1; lastKnownFileType = text.xcconfig; name = "Pods-iQuiz.release.xcconfig"; path = "Target Support Files/Pods-iQuiz/Pods-iQuiz.release.xcconfig"; sourceTree = "<group>"; };
		B54955072223179300F24C36 /* SystemConfiguration.framework */ = {isa = PBXFileReference; lastKnownFileType = wrapper.framework; name = SystemConfiguration.framework; path = System/Library/Frameworks/SystemConfiguration.framework; sourceTree = SDKROOT; };
		B5E62F142210AD1E00A91193 /* iQuiz.app */ = {isa = PBXFileReference; explicitFileType = wrapper.application; includeInIndex = 0; path = iQuiz.app; sourceTree = BUILT_PRODUCTS_DIR; };
		B5E62F172210AD1E00A91193 /* AppDelegate.swift */ = {isa = PBXFileReference; lastKnownFileType = sourcecode.swift; path = AppDelegate.swift; sourceTree = "<group>"; };
		B5E62F192210AD1E00A91193 /* ViewController.swift */ = {isa = PBXFileReference; lastKnownFileType = sourcecode.swift; path = ViewController.swift; sourceTree = "<group>"; };
		B5E62F1C2210AD1E00A91193 /* Base */ = {isa = PBXFileReference; lastKnownFileType = file.storyboard; name = Base; path = Base.lproj/Main.storyboard; sourceTree = "<group>"; };
		B5E62F1E2210AD1F00A91193 /* Assets.xcassets */ = {isa = PBXFileReference; lastKnownFileType = folder.assetcatalog; path = Assets.xcassets; sourceTree = "<group>"; };
		B5E62F212210AD1F00A91193 /* Base */ = {isa = PBXFileReference; lastKnownFileType = file.storyboard; name = Base; path = Base.lproj/LaunchScreen.storyboard; sourceTree = "<group>"; };
		B5E62F232210AD1F00A91193 /* Info.plist */ = {isa = PBXFileReference; lastKnownFileType = text.plist.xml; path = Info.plist; sourceTree = "<group>"; };
		B5E7F0F12220799E00FE4D7B /* FinishedViewController.swift */ = {isa = PBXFileReference; lastKnownFileType = sourcecode.swift; path = FinishedViewController.swift; sourceTree = "<group>"; };
		B5ED3581221F40800064432C /* QuestionViewController.swift */ = {isa = PBXFileReference; lastKnownFileType = sourcecode.swift; path = QuestionViewController.swift; sourceTree = "<group>"; };
		B5ED3583221F8BE30064432C /* AnswerViewController.swift */ = {isa = PBXFileReference; lastKnownFileType = sourcecode.swift; path = AnswerViewController.swift; sourceTree = "<group>"; };
		E5280E6A96C698D194350F90 /* Pods_iQuiz.framework */ = {isa = PBXFileReference; explicitFileType = wrapper.framework; includeInIndex = 0; path = Pods_iQuiz.framework; sourceTree = BUILT_PRODUCTS_DIR; };
/* End PBXFileReference section */

/* Begin PBXFrameworksBuildPhase section */
		B5E62F112210AD1E00A91193 /* Frameworks */ = {
			isa = PBXFrameworksBuildPhase;
			buildActionMask = 2147483647;
			files = (
				3E201AD28A2A11B865D00E49 /* Pods_iQuiz.framework in Frameworks */,
			);
			runOnlyForDeploymentPostprocessing = 0;
		};
/* End PBXFrameworksBuildPhase section */

/* Begin PBXGroup section */
		B54955062223179300F24C36 /* Frameworks */ = {
			isa = PBXGroup;
			children = (
				B54955072223179300F24C36 /* SystemConfiguration.framework */,
				E5280E6A96C698D194350F90 /* Pods_iQuiz.framework */,
			);
			name = Frameworks;
			sourceTree = "<group>";
		};
		B5E62F0B2210AD1E00A91193 = {
			isa = PBXGroup;
			children = (
				B5E62F162210AD1E00A91193 /* iQuiz */,
				B5E62F152210AD1E00A91193 /* Products */,
				B54955062223179300F24C36 /* Frameworks */,
				EFE05B3805BD9A926BC3A8F7 /* Pods */,
			);
			sourceTree = "<group>";
		};
		B5E62F152210AD1E00A91193 /* Products */ = {
			isa = PBXGroup;
			children = (
				B5E62F142210AD1E00A91193 /* iQuiz.app */,
			);
			name = Products;
			sourceTree = "<group>";
		};
		B5E62F162210AD1E00A91193 /* iQuiz */ = {
			isa = PBXGroup;
			children = (
				B5E7F0F12220799E00FE4D7B /* FinishedViewController.swift */,
				B5ED3583221F8BE30064432C /* AnswerViewController.swift */,
				B5ED3581221F40800064432C /* QuestionViewController.swift */,
				B5E62F172210AD1E00A91193 /* AppDelegate.swift */,
				B5E62F192210AD1E00A91193 /* ViewController.swift */,
				B5E62F1B2210AD1E00A91193 /* Main.storyboard */,
				B5E62F1E2210AD1F00A91193 /* Assets.xcassets */,
				B5E62F202210AD1F00A91193 /* LaunchScreen.storyboard */,
				B5E62F232210AD1F00A91193 /* Info.plist */,
			);
			path = iQuiz;
			sourceTree = "<group>";
		};
		EFE05B3805BD9A926BC3A8F7 /* Pods */ = {
			isa = PBXGroup;
			children = (
				3F388C9D6D9B8536339CB13C /* Pods-iQuiz.debug.xcconfig */,
				AA9FDEBB57829D2F12BD5C65 /* Pods-iQuiz.release.xcconfig */,
			);
			path = Pods;
			sourceTree = "<group>";
		};
/* End PBXGroup section */

/* Begin PBXNativeTarget section */
		B5E62F132210AD1E00A91193 /* iQuiz */ = {
			isa = PBXNativeTarget;
			buildConfigurationList = B5E62F262210AD1F00A91193 /* Build configuration list for PBXNativeTarget "iQuiz" */;
			buildPhases = (
				C1B03DBC6CF5420CAF1ED54B /* [CP] Check Pods Manifest.lock */,
				B5E62F102210AD1E00A91193 /* Sources */,
				B5E62F112210AD1E00A91193 /* Frameworks */,
				B5E62F122210AD1E00A91193 /* Resources */,
				78E73D43C703399590718E2C /* [CP] Embed Pods Frameworks */,
			);
			buildRules = (
			);
			dependencies = (
			);
			name = iQuiz;
			productName = iQuiz;
			productReference = B5E62F142210AD1E00A91193 /* iQuiz.app */;
			productType = "com.apple.product-type.application";
		};
/* End PBXNativeTarget section */

/* Begin PBXProject section */
		B5E62F0C2210AD1E00A91193 /* Project object */ = {
			isa = PBXProject;
			attributes = {
				LastSwiftUpdateCheck = 1010;
				LastUpgradeCheck = 1010;
				ORGANIZATIONNAME = edu.washington;
				TargetAttributes = {
					B5E62F132210AD1E00A91193 = {
						CreatedOnToolsVersion = 10.1;
						LastSwiftMigration = 1010;
					};
				};
			};
			buildConfigurationList = B5E62F0F2210AD1E00A91193 /* Build configuration list for PBXProject "iQuiz" */;
			compatibilityVersion = "Xcode 9.3";
			developmentRegion = en;
			hasScannedForEncodings = 0;
			knownRegions = (
				en,
				Base,
			);
			mainGroup = B5E62F0B2210AD1E00A91193;
			productRefGroup = B5E62F152210AD1E00A91193 /* Products */;
			projectDirPath = "";
			projectRoot = "";
			targets = (
				B5E62F132210AD1E00A91193 /* iQuiz */,
			);
		};
/* End PBXProject section */

/* Begin PBXResourcesBuildPhase section */
		B5E62F122210AD1E00A91193 /* Resources */ = {
			isa = PBXResourcesBuildPhase;
			buildActionMask = 2147483647;
			files = (
				B5E62F222210AD1F00A91193 /* LaunchScreen.storyboard in Resources */,
				B5E62F1F2210AD1F00A91193 /* Assets.xcassets in Resources */,
				B5E62F1D2210AD1E00A91193 /* Main.storyboard in Resources */,
			);
			runOnlyForDeploymentPostprocessing = 0;
		};
/* End PBXResourcesBuildPhase section */

/* Begin PBXShellScriptBuildPhase section */
		78E73D43C703399590718E2C /* [CP] Embed Pods Frameworks */ = {
			isa = PBXShellScriptBuildPhase;
			buildActionMask = 2147483647;
			files = (
			);
			inputFileListPaths = (
			);
			inputPaths = (
				"${PODS_ROOT}/Target Support Files/Pods-iQuiz/Pods-iQuiz-frameworks.sh",
				"${BUILT_PRODUCTS_DIR}/ReachabilitySwift/Reachability.framework",
			);
			name = "[CP] Embed Pods Frameworks";
			outputFileListPaths = (
			);
			outputPaths = (
				"${TARGET_BUILD_DIR}/${FRAMEWORKS_FOLDER_PATH}/Reachability.framework",
			);
			runOnlyForDeploymentPostprocessing = 0;
			shellPath = /bin/sh;
			shellScript = "\"${PODS_ROOT}/Target Support Files/Pods-iQuiz/Pods-iQuiz-frameworks.sh\"\n";
			showEnvVarsInLog = 0;
		};
		C1B03DBC6CF5420CAF1ED54B /* [CP] Check Pods Manifest.lock */ = {
			isa = PBXShellScriptBuildPhase;
			buildActionMask = 2147483647;
			files = (
			);
			inputFileListPaths = (
			);
			inputPaths = (
				"${PODS_PODFILE_DIR_PATH}/Podfile.lock",
				"${PODS_ROOT}/Manifest.lock",
			);
			name = "[CP] Check Pods Manifest.lock";
			outputFileListPaths = (
			);
			outputPaths = (
				"$(DERIVED_FILE_DIR)/Pods-iQuiz-checkManifestLockResult.txt",
			);
			runOnlyForDeploymentPostprocessing = 0;
			shellPath = /bin/sh;
			shellScript = "diff \"${PODS_PODFILE_DIR_PATH}/Podfile.lock\" \"${PODS_ROOT}/Manifest.lock\" > /dev/null\nif [ $? != 0 ] ; then\n    # print error to STDERR\n    echo \"error: The sandbox is not in sync with the Podfile.lock. Run 'pod install' or update your CocoaPods installation.\" >&2\n    exit 1\nfi\n# This output is used by Xcode 'outputs' to avoid re-running this script phase.\necho \"SUCCESS\" > \"${SCRIPT_OUTPUT_FILE_0}\"\n";
			showEnvVarsInLog = 0;
		};
/* End PBXShellScriptBuildPhase section */

/* Begin PBXSourcesBuildPhase section */
		B5E62F102210AD1E00A91193 /* Sources */ = {
			isa = PBXSourcesBuildPhase;
			buildActionMask = 2147483647;
			files = (
				B5ED3584221F8BE30064432C /* AnswerViewController.swift in Sources */,
				B5E62F1A2210AD1E00A91193 /* ViewController.swift in Sources */,
				B5E62F182210AD1E00A91193 /* AppDelegate.swift in Sources */,
				B5ED3582221F40800064432C /* QuestionViewController.swift in Sources */,
				B5E7F0F22220799E00FE4D7B /* FinishedViewController.swift in Sources */,
			);
			runOnlyForDeploymentPostprocessing = 0;
		};
/* End PBXSourcesBuildPhase section */

/* Begin PBXVariantGroup section */
		B5E62F1B2210AD1E00A91193 /* Main.storyboard */ = {
			isa = PBXVariantGroup;
			children = (
				B5E62F1C2210AD1E00A91193 /* Base */,
			);
			name = Main.storyboard;
			sourceTree = "<group>";
		};
		B5E62F202210AD1F00A91193 /* LaunchScreen.storyboard */ = {
			isa = PBXVariantGroup;
			children = (
				B5E62F212210AD1F00A91193 /* Base */,
			);
			name = LaunchScreen.storyboard;
			sourceTree = "<group>";
		};
/* End PBXVariantGroup section */

/* Begin XCBuildConfiguration section */
		B5E62F242210AD1F00A91193 /* Debug */ = {
			isa = XCBuildConfiguration;
			buildSettings = {
				CLANG_ANALYZER_NONNULL = YES;
				CLANG_ANALYZER_NUMBER_OBJECT_CONVERSION = YES_AGGRESSIVE;
				CLANG_CXX_LANGUAGE_STANDARD = "gnu++14";
				CLANG_CXX_LIBRARY = "libc++";
				CLANG_ENABLE_MODULES = YES;
				CLANG_ENABLE_OBJC_ARC = YES;
				CLANG_ENABLE_OBJC_WEAK = YES;
				CLANG_WARN_BLOCK_CAPTURE_AUTORELEASING = YES;
				CLANG_WARN_BOOL_CONVERSION = YES;
				CLANG_WARN_COMMA = YES;
				CLANG_WARN_CONSTANT_CONVERSION = YES;
				CLANG_WARN_DEPRECATED_OBJC_IMPLEMENTATIONS = YES;
				CLANG_WARN_DIRECT_OBJC_ISA_USAGE = YES_ERROR;
				CLANG_WARN_DOCUMENTATION_COMMENTS = YES;
				CLANG_WARN_EMPTY_BODY = YES;
				CLANG_WARN_ENUM_CONVERSION = YES;
				CLANG_WARN_INFINITE_RECURSION = YES;
				CLANG_WARN_INT_CONVERSION = YES;
				CLANG_WARN_NON_LITERAL_NULL_CONVERSION = YES;
				CLANG_WARN_OBJC_IMPLICIT_RETAIN_SELF = YES;
				CLANG_WARN_OBJC_LITERAL_CONVERSION = YES;
				CLANG_WARN_OBJC_ROOT_CLASS = YES_ERROR;
				CLANG_WARN_RANGE_LOOP_ANALYSIS = YES;
				CLANG_WARN_STRICT_PROTOTYPES = YES;
				CLANG_WARN_SUSPICIOUS_MOVE = YES;
				CLANG_WARN_UNGUARDED_AVAILABILITY = YES_AGGRESSIVE;
				CLANG_WARN_UNREACHABLE_CODE = YES;
				CLANG_WARN__DUPLICATE_METHOD_MATCH = YES;
				CODE_SIGN_IDENTITY = "iPhone Developer";
				COPY_PHASE_STRIP = NO;
				DEBUG_INFORMATION_FORMAT = dwarf;
				ENABLE_STRICT_OBJC_MSGSEND = YES;
				ENABLE_TESTABILITY = YES;
				GCC_C_LANGUAGE_STANDARD = gnu11;
				GCC_DYNAMIC_NO_PIC = NO;
				GCC_NO_COMMON_BLOCKS = YES;
				GCC_OPTIMIZATION_LEVEL = 0;
				GCC_PREPROCESSOR_DEFINITIONS = (
					"DEBUG=1",
					"$(inherited)",
				);
				GCC_WARN_64_TO_32_BIT_CONVERSION = YES;
				GCC_WARN_ABOUT_RETURN_TYPE = YES_ERROR;
				GCC_WARN_UNDECLARED_SELECTOR = YES;
				GCC_WARN_UNINITIALIZED_AUTOS = YES_AGGRESSIVE;
				GCC_WARN_UNUSED_FUNCTION = YES;
				GCC_WARN_UNUSED_VARIABLE = YES;
				IPHONEOS_DEPLOYMENT_TARGET = 12.1;
				MTL_ENABLE_DEBUG_INFO = INCLUDE_SOURCE;
				MTL_FAST_MATH = YES;
				ONLY_ACTIVE_ARCH = YES;
				SDKROOT = iphoneos;
				SWIFT_ACTIVE_COMPILATION_CONDITIONS = DEBUG;
				SWIFT_OPTIMIZATION_LEVEL = "-Onone";
			};
			name = Debug;
		};
		B5E62F252210AD1F00A91193 /* Release */ = {
			isa = XCBuildConfiguration;
			buildSettings = {
				CLANG_ANALYZER_NONNULL = YES;
				CLANG_ANALYZER_NUMBER_OBJECT_CONVERSION = YES_AGGRESSIVE;
				CLANG_CXX_LANGUAGE_STANDARD = "gnu++14";
				CLANG_CXX_LIBRARY = "libc++";
				CLANG_ENABLE_MODULES = YES;
				CLANG_ENABLE_OBJC_ARC = YES;
				CLANG_ENABLE_OBJC_WEAK = YES;
				CLANG_WARN_BLOCK_CAPTURE_AUTORELEASING = YES;
				CLANG_WARN_BOOL_CONVERSION = YES;
				CLANG_WARN_COMMA = YES;
				CLANG_WARN_CONSTANT_CONVERSION = YES;
				CLANG_WARN_DEPRECATED_OBJC_IMPLEMENTATIONS = YES;
				CLANG_WARN_DIRECT_OBJC_ISA_USAGE = YES_ERROR;
				CLANG_WARN_DOCUMENTATION_COMMENTS = YES;
				CLANG_WARN_EMPTY_BODY = YES;
				CLANG_WARN_ENUM_CONVERSION = YES;
				CLANG_WARN_INFINITE_RECURSION = YES;
				CLANG_WARN_INT_CONVERSION = YES;
				CLANG_WARN_NON_LITERAL_NULL_CONVERSION = YES;
				CLANG_WARN_OBJC_IMPLICIT_RETAIN_SELF = YES;
				CLANG_WARN_OBJC_LITERAL_CONVERSION = YES;
				CLANG_WARN_OBJC_ROOT_CLASS = YES_ERROR;
				CLANG_WARN_RANGE_LOOP_ANALYSIS = YES;
				CLANG_WARN_STRICT_PROTOTYPES = YES;
				CLANG_WARN_SUSPICIOUS_MOVE = YES;
				CLANG_WARN_UNGUARDED_AVAILABILITY = YES_AGGRESSIVE;
				CLANG_WARN_UNREACHABLE_CODE = YES;
				CLANG_WARN__DUPLICATE_METHOD_MATCH = YES;
				CODE_SIGN_IDENTITY = "iPhone Developer";
				COPY_PHASE_STRIP = NO;
				DEBUG_INFORMATION_FORMAT = "dwarf-with-dsym";
				ENABLE_NS_ASSERTIONS = NO;
				ENABLE_STRICT_OBJC_MSGSEND = YES;
				GCC_C_LANGUAGE_STANDARD = gnu11;
				GCC_NO_COMMON_BLOCKS = YES;
				GCC_WARN_64_TO_32_BIT_CONVERSION = YES;
				GCC_WARN_ABOUT_RETURN_TYPE = YES_ERROR;
				GCC_WARN_UNDECLARED_SELECTOR = YES;
				GCC_WARN_UNINITIALIZED_AUTOS = YES_AGGRESSIVE;
				GCC_WARN_UNUSED_FUNCTION = YES;
				GCC_WARN_UNUSED_VARIABLE = YES;
				IPHONEOS_DEPLOYMENT_TARGET = 12.1;
				MTL_ENABLE_DEBUG_INFO = NO;
				MTL_FAST_MATH = YES;
				SDKROOT = iphoneos;
				SWIFT_COMPILATION_MODE = wholemodule;
				SWIFT_OPTIMIZATION_LEVEL = "-O";
				VALIDATE_PRODUCT = YES;
			};
			name = Release;
		};
		B5E62F272210AD1F00A91193 /* Debug */ = {
			isa = XCBuildConfiguration;
			baseConfigurationReference = 3F388C9D6D9B8536339CB13C /* Pods-iQuiz.debug.xcconfig */;
			buildSettings = {
				ASSETCATALOG_COMPILER_APPICON_NAME = AppIcon;
				CLANG_ENABLE_MODULES = YES;
				CODE_SIGN_STYLE = Automatic;
				INFOPLIST_FILE = iQuiz/Info.plist;
				LD_RUNPATH_SEARCH_PATHS = (
					"$(inherited)",
					"@executable_path/Frameworks",
				);
				PRODUCT_BUNDLE_IDENTIFIER = edu.washington.adelem.iQuiz;
				PRODUCT_NAME = "$(TARGET_NAME)";
				SWIFT_OPTIMIZATION_LEVEL = "-Onone";
				SWIFT_VERSION = 4.2;
				TARGETED_DEVICE_FAMILY = "1,2";
			};
			name = Debug;
		};
		B5E62F282210AD1F00A91193 /* Release */ = {
			isa = XCBuildConfiguration;
			baseConfigurationReference = AA9FDEBB57829D2F12BD5C65 /* Pods-iQuiz.release.xcconfig */;
			buildSettings = {
				ASSETCATALOG_COMPILER_APPICON_NAME = AppIcon;
				CLANG_ENABLE_MODULES = YES;
				CODE_SIGN_STYLE = Automatic;
				INFOPLIST_FILE = iQuiz/Info.plist;
				LD_RUNPATH_SEARCH_PATHS = (
					"$(inherited)",
					"@executable_path/Frameworks",
				);
				PRODUCT_BUNDLE_IDENTIFIER = edu.washington.adelem.iQuiz;
				PRODUCT_NAME = "$(TARGET_NAME)";
				SWIFT_VERSION = 4.2;
				TARGETED_DEVICE_FAMILY = "1,2";
			};
			name = Release;
		};
/* End XCBuildConfiguration section */

/* Begin XCConfigurationList section */
		B5E62F0F2210AD1E00A91193 /* Build configuration list for PBXProject "iQuiz" */ = {
			isa = XCConfigurationList;
			buildConfigurations = (
				B5E62F242210AD1F00A91193 /* Debug */,
				B5E62F252210AD1F00A91193 /* Release */,
			);
			defaultConfigurationIsVisible = 0;
			defaultConfigurationName = Release;
		};
		B5E62F262210AD1F00A91193 /* Build configuration list for PBXNativeTarget "iQuiz" */ = {
			isa = XCConfigurationList;
			buildConfigurations = (
				B5E62F272210AD1F00A91193 /* Debug */,
				B5E62F282210AD1F00A91193 /* Release */,
			);
			defaultConfigurationIsVisible = 0;
			defaultConfigurationName = Release;
		};
/* End XCConfigurationList section */
	};
	rootObject = B5E62F0C2210AD1E00A91193 /* Project object */;
}
